// !$*UTF8*$!
{
	archiveVersion = 1;
	classes = {
	};
	objectVersion = 55;
	objects = {

/* Begin PBXBuildFile section */
		1B16496B28598B2E004D7607 /* AppDelegate.swift in Sources */ = {isa = PBXBuildFile; fileRef = 1B16496A28598B2E004D7607 /* AppDelegate.swift */; };
		1B16496D28598B2E004D7607 /* SceneDelegate.swift in Sources */ = {isa = PBXBuildFile; fileRef = 1B16496C28598B2E004D7607 /* SceneDelegate.swift */; };
		1B16497228598B2E004D7607 /* Main.storyboard in Resources */ = {isa = PBXBuildFile; fileRef = 1B16497028598B2E004D7607 /* Main.storyboard */; };
		1B16497428598B30004D7607 /* Assets.xcassets in Resources */ = {isa = PBXBuildFile; fileRef = 1B16497328598B30004D7607 /* Assets.xcassets */; };
		1B16497728598B30004D7607 /* LaunchScreen.storyboard in Resources */ = {isa = PBXBuildFile; fileRef = 1B16497528598B30004D7607 /* LaunchScreen.storyboard */; };
		1B16498228598B30004D7607 /* TwitterTests.swift in Sources */ = {isa = PBXBuildFile; fileRef = 1B16498128598B30004D7607 /* TwitterTests.swift */; };
		1B16498C28598B30004D7607 /* TwitterUITests.swift in Sources */ = {isa = PBXBuildFile; fileRef = 1B16498B28598B30004D7607 /* TwitterUITests.swift */; };
		1B16498E28598B30004D7607 /* TwitterUITestsLaunchTests.swift in Sources */ = {isa = PBXBuildFile; fileRef = 1B16498D28598B30004D7607 /* TwitterUITestsLaunchTests.swift */; };
		1B9C47CC286183480099DAA7 /* HomeViewController.swift in Sources */ = {isa = PBXBuildFile; fileRef = 1B9C47CB286183480099DAA7 /* HomeViewController.swift */; };
		1B9C47CE28620BB70099DAA7 /* TweetDataModel.swift in Sources */ = {isa = PBXBuildFile; fileRef = 1B9C47CD28620BB70099DAA7 /* TweetDataModel.swift */; };
		1B9C47D02862ED0C0099DAA7 /* TweetDetailViewController.swift in Sources */ = {isa = PBXBuildFile; fileRef = 1B9C47CF2862ED0C0099DAA7 /* TweetDetailViewController.swift */; };
		1B9C47D42864AD540099DAA7 /* AddTweetViewController.swift in Sources */ = {isa = PBXBuildFile; fileRef = 1B9C47D32864AD540099DAA7 /* AddTweetViewController.swift */; };
		1B9C47D7286A0B5B0099DAA7 /* TweetTableViewCell.swift in Sources */ = {isa = PBXBuildFile; fileRef = 1B9C47D5286A0B5B0099DAA7 /* TweetTableViewCell.swift */; };
		1B9C47D8286A0B5B0099DAA7 /* TweetTableViewCell.xib in Resources */ = {isa = PBXBuildFile; fileRef = 1B9C47D6286A0B5B0099DAA7 /* TweetTableViewCell.xib */; };
		873B6C2E61475DAC02305D60 /* Pods_TwitterTests.framework in Frameworks */ = {isa = PBXBuildFile; fileRef = 678C78681BCA85F2617A7355 /* Pods_TwitterTests.framework */; };
		D204071E7C1EA7DA76AD9E20 /* Pods_Twitter_TwitterUITests.framework in Frameworks */ = {isa = PBXBuildFile; fileRef = ECAA0197EA0D4CF2D88F1E2C /* Pods_Twitter_TwitterUITests.framework */; };
		E2307E3E953313CE27992522 /* Pods_Twitter.framework in Frameworks */ = {isa = PBXBuildFile; fileRef = 4DB90C815368C26A846EC277 /* Pods_Twitter.framework */; };
/* End PBXBuildFile section */

/* Begin PBXContainerItemProxy section */
		1B16497E28598B30004D7607 /* PBXContainerItemProxy */ = {
			isa = PBXContainerItemProxy;
			containerPortal = 1B16495F28598B2E004D7607 /* Project object */;
			proxyType = 1;
			remoteGlobalIDString = 1B16496628598B2E004D7607;
			remoteInfo = Twitter;
		};
		1B16498828598B30004D7607 /* PBXContainerItemProxy */ = {
			isa = PBXContainerItemProxy;
			containerPortal = 1B16495F28598B2E004D7607 /* Project object */;
			proxyType = 1;
			remoteGlobalIDString = 1B16496628598B2E004D7607;
			remoteInfo = Twitter;
		};
/* End PBXContainerItemProxy section */

/* Begin PBXFileReference section */
		165F437464D77F990DE2860D /* Pods-TwitterTests.release.xcconfig */ = {isa = PBXFileReference; includeInIndex = 1; lastKnownFileType = text.xcconfig; name = "Pods-TwitterTests.release.xcconfig"; path = "Target Support Files/Pods-TwitterTests/Pods-TwitterTests.release.xcconfig"; sourceTree = "<group>"; };
		1B16496728598B2E004D7607 /* Twitter.app */ = {isa = PBXFileReference; explicitFileType = wrapper.application; includeInIndex = 0; path = Twitter.app; sourceTree = BUILT_PRODUCTS_DIR; };
		1B16496A28598B2E004D7607 /* AppDelegate.swift */ = {isa = PBXFileReference; lastKnownFileType = sourcecode.swift; path = AppDelegate.swift; sourceTree = "<group>"; };
		1B16496C28598B2E004D7607 /* SceneDelegate.swift */ = {isa = PBXFileReference; lastKnownFileType = sourcecode.swift; path = SceneDelegate.swift; sourceTree = "<group>"; };
		1B16497128598B2E004D7607 /* Base */ = {isa = PBXFileReference; lastKnownFileType = file.storyboard; name = Base; path = Base.lproj/Main.storyboard; sourceTree = "<group>"; };
		1B16497328598B30004D7607 /* Assets.xcassets */ = {isa = PBXFileReference; lastKnownFileType = folder.assetcatalog; path = Assets.xcassets; sourceTree = "<group>"; };
		1B16497628598B30004D7607 /* Base */ = {isa = PBXFileReference; lastKnownFileType = file.storyboard; name = Base; path = Base.lproj/LaunchScreen.storyboard; sourceTree = "<group>"; };
		1B16497828598B30004D7607 /* Info.plist */ = {isa = PBXFileReference; lastKnownFileType = text.plist.xml; path = Info.plist; sourceTree = "<group>"; };
		1B16497D28598B30004D7607 /* TwitterTests.xctest */ = {isa = PBXFileReference; explicitFileType = wrapper.cfbundle; includeInIndex = 0; path = TwitterTests.xctest; sourceTree = BUILT_PRODUCTS_DIR; };
		1B16498128598B30004D7607 /* TwitterTests.swift */ = {isa = PBXFileReference; lastKnownFileType = sourcecode.swift; path = TwitterTests.swift; sourceTree = "<group>"; };
		1B16498728598B30004D7607 /* TwitterUITests.xctest */ = {isa = PBXFileReference; explicitFileType = wrapper.cfbundle; includeInIndex = 0; path = TwitterUITests.xctest; sourceTree = BUILT_PRODUCTS_DIR; };
		1B16498B28598B30004D7607 /* TwitterUITests.swift */ = {isa = PBXFileReference; lastKnownFileType = sourcecode.swift; path = TwitterUITests.swift; sourceTree = "<group>"; };
		1B16498D28598B30004D7607 /* TwitterUITestsLaunchTests.swift */ = {isa = PBXFileReference; lastKnownFileType = sourcecode.swift; path = TwitterUITestsLaunchTests.swift; sourceTree = "<group>"; };
		1B9C47CB286183480099DAA7 /* HomeViewController.swift */ = {isa = PBXFileReference; lastKnownFileType = sourcecode.swift; path = HomeViewController.swift; sourceTree = "<group>"; };
		1B9C47CD28620BB70099DAA7 /* TweetDataModel.swift */ = {isa = PBXFileReference; lastKnownFileType = sourcecode.swift; path = TweetDataModel.swift; sourceTree = "<group>"; };
		1B9C47CF2862ED0C0099DAA7 /* TweetDetailViewController.swift */ = {isa = PBXFileReference; lastKnownFileType = sourcecode.swift; path = TweetDetailViewController.swift; sourceTree = "<group>"; };
		1B9C47D32864AD540099DAA7 /* AddTweetViewController.swift */ = {isa = PBXFileReference; lastKnownFileType = sourcecode.swift; path = AddTweetViewController.swift; sourceTree = "<group>"; };
		1B9C47D5286A0B5B0099DAA7 /* TweetTableViewCell.swift */ = {isa = PBXFileReference; lastKnownFileType = sourcecode.swift; path = TweetTableViewCell.swift; sourceTree = "<group>"; };
		1B9C47D6286A0B5B0099DAA7 /* TweetTableViewCell.xib */ = {isa = PBXFileReference; lastKnownFileType = file.xib; path = TweetTableViewCell.xib; sourceTree = "<group>"; };
		271AE5F0BE18D233095BC54A /* Pods-Twitter-TwitterUITests.release.xcconfig */ = {isa = PBXFileReference; includeInIndex = 1; lastKnownFileType = text.xcconfig; name = "Pods-Twitter-TwitterUITests.release.xcconfig"; path = "Target Support Files/Pods-Twitter-TwitterUITests/Pods-Twitter-TwitterUITests.release.xcconfig"; sourceTree = "<group>"; };
		4DB90C815368C26A846EC277 /* Pods_Twitter.framework */ = {isa = PBXFileReference; explicitFileType = wrapper.framework; includeInIndex = 0; path = Pods_Twitter.framework; sourceTree = BUILT_PRODUCTS_DIR; };
		678C78681BCA85F2617A7355 /* Pods_TwitterTests.framework */ = {isa = PBXFileReference; explicitFileType = wrapper.framework; includeInIndex = 0; path = Pods_TwitterTests.framework; sourceTree = BUILT_PRODUCTS_DIR; };
		695DA474B139B1477707047B /* Pods-Twitter.release.xcconfig */ = {isa = PBXFileReference; includeInIndex = 1; lastKnownFileType = text.xcconfig; name = "Pods-Twitter.release.xcconfig"; path = "Target Support Files/Pods-Twitter/Pods-Twitter.release.xcconfig"; sourceTree = "<group>"; };
		BEFE1754D7C26C67E896FF30 /* Pods-TwitterTests.debug.xcconfig */ = {isa = PBXFileReference; includeInIndex = 1; lastKnownFileType = text.xcconfig; name = "Pods-TwitterTests.debug.xcconfig"; path = "Target Support Files/Pods-TwitterTests/Pods-TwitterTests.debug.xcconfig"; sourceTree = "<group>"; };
		DD5B5477F87BAD89B339E022 /* Pods-Twitter.debug.xcconfig */ = {isa = PBXFileReference; includeInIndex = 1; lastKnownFileType = text.xcconfig; name = "Pods-Twitter.debug.xcconfig"; path = "Target Support Files/Pods-Twitter/Pods-Twitter.debug.xcconfig"; sourceTree = "<group>"; };
		ECAA0197EA0D4CF2D88F1E2C /* Pods_Twitter_TwitterUITests.framework */ = {isa = PBXFileReference; explicitFileType = wrapper.framework; includeInIndex = 0; path = Pods_Twitter_TwitterUITests.framework; sourceTree = BUILT_PRODUCTS_DIR; };
		FAC94D8ADB633CE1A6241576 /* Pods-Twitter-TwitterUITests.debug.xcconfig */ = {isa = PBXFileReference; includeInIndex = 1; lastKnownFileType = text.xcconfig; name = "Pods-Twitter-TwitterUITests.debug.xcconfig"; path = "Target Support Files/Pods-Twitter-TwitterUITests/Pods-Twitter-TwitterUITests.debug.xcconfig"; sourceTree = "<group>"; };
/* End PBXFileReference section */

/* Begin PBXFrameworksBuildPhase section */
		1B16496428598B2E004D7607 /* Frameworks */ = {
			isa = PBXFrameworksBuildPhase;
			buildActionMask = 2147483647;
			files = (
				E2307E3E953313CE27992522 /* Pods_Twitter.framework in Frameworks */,
			);
			runOnlyForDeploymentPostprocessing = 0;
		};
		1B16497A28598B30004D7607 /* Frameworks */ = {
			isa = PBXFrameworksBuildPhase;
			buildActionMask = 2147483647;
			files = (
				873B6C2E61475DAC02305D60 /* Pods_TwitterTests.framework in Frameworks */,
			);
			runOnlyForDeploymentPostprocessing = 0;
		};
		1B16498428598B30004D7607 /* Frameworks */ = {
			isa = PBXFrameworksBuildPhase;
			buildActionMask = 2147483647;
			files = (
				D204071E7C1EA7DA76AD9E20 /* Pods_Twitter_TwitterUITests.framework in Frameworks */,
			);
			runOnlyForDeploymentPostprocessing = 0;
		};
/* End PBXFrameworksBuildPhase section */

/* Begin PBXGroup section */
		1B16495E28598B2E004D7607 = {
			isa = PBXGroup;
			children = (
				1B16496928598B2E004D7607 /* Twitter */,
				1B16498028598B30004D7607 /* TwitterTests */,
				1B16498A28598B30004D7607 /* TwitterUITests */,
				1B16496828598B2E004D7607 /* Products */,
				86EBA7ED339CA0B67B0238BA /* Pods */,
				7190A3A10BE7FB94872953CC /* Frameworks */,
			);
			sourceTree = "<group>";
		};
		1B16496828598B2E004D7607 /* Products */ = {
			isa = PBXGroup;
			children = (
				1B16496728598B2E004D7607 /* Twitter.app */,
				1B16497D28598B30004D7607 /* TwitterTests.xctest */,
				1B16498728598B30004D7607 /* TwitterUITests.xctest */,
			);
			name = Products;
			sourceTree = "<group>";
		};
		1B16496928598B2E004D7607 /* Twitter */ = {
			isa = PBXGroup;
			children = (
				1B16496A28598B2E004D7607 /* AppDelegate.swift */,
				1B16496C28598B2E004D7607 /* SceneDelegate.swift */,
				1B16497028598B2E004D7607 /* Main.storyboard */,
				1B9C47D5286A0B5B0099DAA7 /* TweetTableViewCell.swift */,
				1B9C47D6286A0B5B0099DAA7 /* TweetTableViewCell.xib */,
				1B9C47D32864AD540099DAA7 /* AddTweetViewController.swift */,
				1B9C47CB286183480099DAA7 /* HomeViewController.swift */,
				1B9C47CF2862ED0C0099DAA7 /* TweetDetailViewController.swift */,
				1B9C47CD28620BB70099DAA7 /* TweetDataModel.swift */,
				1B16497328598B30004D7607 /* Assets.xcassets */,
				1B16497528598B30004D7607 /* LaunchScreen.storyboard */,
				1B16497828598B30004D7607 /* Info.plist */,
			);
			path = Twitter;
			sourceTree = "<group>";
		};
		1B16498028598B30004D7607 /* TwitterTests */ = {
			isa = PBXGroup;
			children = (
				1B16498128598B30004D7607 /* TwitterTests.swift */,
			);
			path = TwitterTests;
			sourceTree = "<group>";
		};
		1B16498A28598B30004D7607 /* TwitterUITests */ = {
			isa = PBXGroup;
			children = (
				1B16498B28598B30004D7607 /* TwitterUITests.swift */,
				1B16498D28598B30004D7607 /* TwitterUITestsLaunchTests.swift */,
			);
			path = TwitterUITests;
			sourceTree = "<group>";
		};
		7190A3A10BE7FB94872953CC /* Frameworks */ = {
			isa = PBXGroup;
			children = (
				4DB90C815368C26A846EC277 /* Pods_Twitter.framework */,
				ECAA0197EA0D4CF2D88F1E2C /* Pods_Twitter_TwitterUITests.framework */,
				678C78681BCA85F2617A7355 /* Pods_TwitterTests.framework */,
			);
			name = Frameworks;
			sourceTree = "<group>";
		};
		86EBA7ED339CA0B67B0238BA /* Pods */ = {
			isa = PBXGroup;
			children = (
				DD5B5477F87BAD89B339E022 /* Pods-Twitter.debug.xcconfig */,
				695DA474B139B1477707047B /* Pods-Twitter.release.xcconfig */,
				FAC94D8ADB633CE1A6241576 /* Pods-Twitter-TwitterUITests.debug.xcconfig */,
				271AE5F0BE18D233095BC54A /* Pods-Twitter-TwitterUITests.release.xcconfig */,
				BEFE1754D7C26C67E896FF30 /* Pods-TwitterTests.debug.xcconfig */,
				165F437464D77F990DE2860D /* Pods-TwitterTests.release.xcconfig */,
			);
			path = Pods;
			sourceTree = "<group>";
		};
/* End PBXGroup section */

/* Begin PBXNativeTarget section */
		1B16496628598B2E004D7607 /* Twitter */ = {
			isa = PBXNativeTarget;
			buildConfigurationList = 1B16499128598B30004D7607 /* Build configuration list for PBXNativeTarget "Twitter" */;
			buildPhases = (
				9CE134EBCFCD9EDDF4DCDF5F /* [CP] Check Pods Manifest.lock */,
				1B16496328598B2E004D7607 /* Sources */,
				1B16496428598B2E004D7607 /* Frameworks */,
				1B16496528598B2E004D7607 /* Resources */,
				3CA27E7B8119484E25E59DEC /* [CP] Embed Pods Frameworks */,
			);
			buildRules = (
			);
			dependencies = (
			);
			name = Twitter;
			productName = Twitter;
			productReference = 1B16496728598B2E004D7607 /* Twitter.app */;
			productType = "com.apple.product-type.application";
		};
		1B16497C28598B30004D7607 /* TwitterTests */ = {
			isa = PBXNativeTarget;
			buildConfigurationList = 1B16499428598B30004D7607 /* Build configuration list for PBXNativeTarget "TwitterTests" */;
			buildPhases = (
				934A5C9DBFE17A84E414F98D /* [CP] Check Pods Manifest.lock */,
				1B16497928598B30004D7607 /* Sources */,
				1B16497A28598B30004D7607 /* Frameworks */,
				1B16497B28598B30004D7607 /* Resources */,
			);
			buildRules = (
			);
			dependencies = (
				1B16497F28598B30004D7607 /* PBXTargetDependency */,
			);
			name = TwitterTests;
			productName = TwitterTests;
			productReference = 1B16497D28598B30004D7607 /* TwitterTests.xctest */;
			productType = "com.apple.product-type.bundle.unit-test";
		};
		1B16498628598B30004D7607 /* TwitterUITests */ = {
			isa = PBXNativeTarget;
			buildConfigurationList = 1B16499728598B30004D7607 /* Build configuration list for PBXNativeTarget "TwitterUITests" */;
			buildPhases = (
				DF7AB529A6E720D2A8CB0F87 /* [CP] Check Pods Manifest.lock */,
				1B16498328598B30004D7607 /* Sources */,
				1B16498428598B30004D7607 /* Frameworks */,
				1B16498528598B30004D7607 /* Resources */,
				E7F4C74BA889B389D78250E8 /* [CP] Embed Pods Frameworks */,
			);
			buildRules = (
			);
			dependencies = (
				1B16498928598B30004D7607 /* PBXTargetDependency */,
			);
			name = TwitterUITests;
			productName = TwitterUITests;
			productReference = 1B16498728598B30004D7607 /* TwitterUITests.xctest */;
			productType = "com.apple.product-type.bundle.ui-testing";
		};
/* End PBXNativeTarget section */

/* Begin PBXProject section */
		1B16495F28598B2E004D7607 /* Project object */ = {
			isa = PBXProject;
			attributes = {
				BuildIndependentTargetsInParallel = 1;
				LastSwiftUpdateCheck = 1340;
				LastUpgradeCheck = 1340;
				TargetAttributes = {
					1B16496628598B2E004D7607 = {
						CreatedOnToolsVersion = 13.4.1;
					};
					1B16497C28598B30004D7607 = {
						CreatedOnToolsVersion = 13.4.1;
						TestTargetID = 1B16496628598B2E004D7607;
					};
					1B16498628598B30004D7607 = {
						CreatedOnToolsVersion = 13.4.1;
						TestTargetID = 1B16496628598B2E004D7607;
					};
				};
			};
			buildConfigurationList = 1B16496228598B2E004D7607 /* Build configuration list for PBXProject "Twitter" */;
			compatibilityVersion = "Xcode 13.0";
			developmentRegion = en;
			hasScannedForEncodings = 0;
			knownRegions = (
				en,
				Base,
			);
			mainGroup = 1B16495E28598B2E004D7607;
			productRefGroup = 1B16496828598B2E004D7607 /* Products */;
			projectDirPath = "";
			projectRoot = "";
			targets = (
				1B16496628598B2E004D7607 /* Twitter */,
				1B16497C28598B30004D7607 /* TwitterTests */,
				1B16498628598B30004D7607 /* TwitterUITests */,
			);
		};
/* End PBXProject section */

/* Begin PBXResourcesBuildPhase section */
		1B16496528598B2E004D7607 /* Resources */ = {
			isa = PBXResourcesBuildPhase;
			buildActionMask = 2147483647;
			files = (
				1B9C47D8286A0B5B0099DAA7 /* TweetTableViewCell.xib in Resources */,
				1B16497728598B30004D7607 /* LaunchScreen.storyboard in Resources */,
				1B16497428598B30004D7607 /* Assets.xcassets in Resources */,
				1B16497228598B2E004D7607 /* Main.storyboard in Resources */,
			);
			runOnlyForDeploymentPostprocessing = 0;
		};
		1B16497B28598B30004D7607 /* Resources */ = {
			isa = PBXResourcesBuildPhase;
			buildActionMask = 2147483647;
			files = (
			);
			runOnlyForDeploymentPostprocessing = 0;
		};
		1B16498528598B30004D7607 /* Resources */ = {
			isa = PBXResourcesBuildPhase;
			buildActionMask = 2147483647;
			files = (
			);
			runOnlyForDeploymentPostprocessing = 0;
		};
/* End PBXResourcesBuildPhase section */

/* Begin PBXShellScriptBuildPhase section */
		3CA27E7B8119484E25E59DEC /* [CP] Embed Pods Frameworks */ = {
			isa = PBXShellScriptBuildPhase;
			buildActionMask = 2147483647;
			files = (
			);
			inputFileListPaths = (
				"${PODS_ROOT}/Target Support Files/Pods-Twitter/Pods-Twitter-frameworks-${CONFIGURATION}-input-files.xcfilelist",
			);
			name = "[CP] Embed Pods Frameworks";
			outputFileListPaths = (
				"${PODS_ROOT}/Target Support Files/Pods-Twitter/Pods-Twitter-frameworks-${CONFIGURATION}-output-files.xcfilelist",
			);
			runOnlyForDeploymentPostprocessing = 0;
			shellPath = /bin/sh;
			shellScript = "\"${PODS_ROOT}/Target Support Files/Pods-Twitter/Pods-Twitter-frameworks.sh\"\n";
			showEnvVarsInLog = 0;
		};
		934A5C9DBFE17A84E414F98D /* [CP] Check Pods Manifest.lock */ = {
			isa = PBXShellScriptBuildPhase;
			buildActionMask = 2147483647;
			files = (
			);
			inputFileListPaths = (
			);
			inputPaths = (
				"${PODS_PODFILE_DIR_PATH}/Podfile.lock",
				"${PODS_ROOT}/Manifest.lock",
			);
			name = "[CP] Check Pods Manifest.lock";
			outputFileListPaths = (
			);
			outputPaths = (
				"$(DERIVED_FILE_DIR)/Pods-TwitterTests-checkManifestLockResult.txt",
			);
			runOnlyForDeploymentPostprocessing = 0;
			shellPath = /bin/sh;
			shellScript = "diff \"${PODS_PODFILE_DIR_PATH}/Podfile.lock\" \"${PODS_ROOT}/Manifest.lock\" > /dev/null\nif [ $? != 0 ] ; then\n    # print error to STDERR\n    echo \"error: The sandbox is not in sync with the Podfile.lock. Run 'pod install' or update your CocoaPods installation.\" >&2\n    exit 1\nfi\n# This output is used by Xcode 'outputs' to avoid re-running this script phase.\necho \"SUCCESS\" > \"${SCRIPT_OUTPUT_FILE_0}\"\n";
			showEnvVarsInLog = 0;
		};
		9CE134EBCFCD9EDDF4DCDF5F /* [CP] Check Pods Manifest.lock */ = {
			isa = PBXShellScriptBuildPhase;
			buildActionMask = 2147483647;
			files = (
			);
			inputFileListPaths = (
			);
			inputPaths = (
				"${PODS_PODFILE_DIR_PATH}/Podfile.lock",
				"${PODS_ROOT}/Manifest.lock",
			);
			name = "[CP] Check Pods Manifest.lock";
			outputFileListPaths = (
			);
			outputPaths = (
				"$(DERIVED_FILE_DIR)/Pods-Twitter-checkManifestLockResult.txt",
			);
			runOnlyForDeploymentPostprocessing = 0;
			shellPath = /bin/sh;
			shellScript = "diff \"${PODS_PODFILE_DIR_PATH}/Podfile.lock\" \"${PODS_ROOT}/Manifest.lock\" > /dev/null\nif [ $? != 0 ] ; then\n    # print error to STDERR\n    echo \"error: The sandbox is not in sync with the Podfile.lock. Run 'pod install' or update your CocoaPods installation.\" >&2\n    exit 1\nfi\n# This output is used by Xcode 'outputs' to avoid re-running this script phase.\necho \"SUCCESS\" > \"${SCRIPT_OUTPUT_FILE_0}\"\n";
			showEnvVarsInLog = 0;
		};
		DF7AB529A6E720D2A8CB0F87 /* [CP] Check Pods Manifest.lock */ = {
			isa = PBXShellScriptBuildPhase;
			buildActionMask = 2147483647;
			files = (
			);
			inputFileListPaths = (
			);
			inputPaths = (
				"${PODS_PODFILE_DIR_PATH}/Podfile.lock",
				"${PODS_ROOT}/Manifest.lock",
			);
			name = "[CP] Check Pods Manifest.lock";
			outputFileListPaths = (
			);
			outputPaths = (
				"$(DERIVED_FILE_DIR)/Pods-Twitter-TwitterUITests-checkManifestLockResult.txt",
			);
			runOnlyForDeploymentPostprocessing = 0;
			shellPath = /bin/sh;
			shellScript = "diff \"${PODS_PODFILE_DIR_PATH}/Podfile.lock\" \"${PODS_ROOT}/Manifest.lock\" > /dev/null\nif [ $? != 0 ] ; then\n    # print error to STDERR\n    echo \"error: The sandbox is not in sync with the Podfile.lock. Run 'pod install' or update your CocoaPods installation.\" >&2\n    exit 1\nfi\n# This output is used by Xcode 'outputs' to avoid re-running this script phase.\necho \"SUCCESS\" > \"${SCRIPT_OUTPUT_FILE_0}\"\n";
			showEnvVarsInLog = 0;
		};
		E7F4C74BA889B389D78250E8 /* [CP] Embed Pods Frameworks */ = {
			isa = PBXShellScriptBuildPhase;
			buildActionMask = 2147483647;
			files = (
			);
			inputFileListPaths = (
				"${PODS_ROOT}/Target Support Files/Pods-Twitter-TwitterUITests/Pods-Twitter-TwitterUITests-frameworks-${CONFIGURATION}-input-files.xcfilelist",
			);
			name = "[CP] Embed Pods Frameworks";
			outputFileListPaths = (
				"${PODS_ROOT}/Target Support Files/Pods-Twitter-TwitterUITests/Pods-Twitter-TwitterUITests-frameworks-${CONFIGURATION}-output-files.xcfilelist",
			);
			runOnlyForDeploymentPostprocessing = 0;
			shellPath = /bin/sh;
			shellScript = "\"${PODS_ROOT}/Target Support Files/Pods-Twitter-TwitterUITests/Pods-Twitter-TwitterUITests-frameworks.sh\"\n";
			showEnvVarsInLog = 0;
		};
/* End PBXShellScriptBuildPhase section */

/* Begin PBXSourcesBuildPhase section */
		1B16496328598B2E004D7607 /* Sources */ = {
			isa = PBXSourcesBuildPhase;
			buildActionMask = 2147483647;
			files = (
				1B16496B28598B2E004D7607 /* AppDelegate.swift in Sources */,
				1B9C47D42864AD540099DAA7 /* AddTweetViewController.swift in Sources */,
				1B16496D28598B2E004D7607 /* SceneDelegate.swift in Sources */,
				1B9C47CE28620BB70099DAA7 /* TweetDataModel.swift in Sources */,
				1B9C47CC286183480099DAA7 /* HomeViewController.swift in Sources */,
				1B9C47D02862ED0C0099DAA7 /* TweetDetailViewController.swift in Sources */,
				1B9C47D7286A0B5B0099DAA7 /* TweetTableViewCell.swift in Sources */,
			);
			runOnlyForDeploymentPostprocessing = 0;
		};
		1B16497928598B30004D7607 /* Sources */ = {
			isa = PBXSourcesBuildPhase;
			buildActionMask = 2147483647;
			files = (
				1B16498228598B30004D7607 /* TwitterTests.swift in Sources */,
			);
			runOnlyForDeploymentPostprocessing = 0;
		};
		1B16498328598B30004D7607 /* Sources */ = {
			isa = PBXSourcesBuildPhase;
			buildActionMask = 2147483647;
			files = (
				1B16498E28598B30004D7607 /* TwitterUITestsLaunchTests.swift in Sources */,
				1B16498C28598B30004D7607 /* TwitterUITests.swift in Sources */,
			);
			runOnlyForDeploymentPostprocessing = 0;
		};
/* End PBXSourcesBuildPhase section */

/* Begin PBXTargetDependency section */
		1B16497F28598B30004D7607 /* PBXTargetDependency */ = {
			isa = PBXTargetDependency;
			target = 1B16496628598B2E004D7607 /* Twitter */;
			targetProxy = 1B16497E28598B30004D7607 /* PBXContainerItemProxy */;
		};
		1B16498928598B30004D7607 /* PBXTargetDependency */ = {
			isa = PBXTargetDependency;
			target = 1B16496628598B2E004D7607 /* Twitter */;
			targetProxy = 1B16498828598B30004D7607 /* PBXContainerItemProxy */;
		};
/* End PBXTargetDependency section */

/* Begin PBXVariantGroup section */
		1B16497028598B2E004D7607 /* Main.storyboard */ = {
			isa = PBXVariantGroup;
			children = (
				1B16497128598B2E004D7607 /* Base */,
			);
			name = Main.storyboard;
			sourceTree = "<group>";
		};
		1B16497528598B30004D7607 /* LaunchScreen.storyboard */ = {
			isa = PBXVariantGroup;
			children = (
				1B16497628598B30004D7607 /* Base */,
			);
			name = LaunchScreen.storyboard;
			sourceTree = "<group>";
		};
/* End PBXVariantGroup section */

/* Begin XCBuildConfiguration section */
		1B16498F28598B30004D7607 /* Debug */ = {
			isa = XCBuildConfiguration;
			buildSettings = {
				ALWAYS_SEARCH_USER_PATHS = NO;
				CLANG_ANALYZER_NONNULL = YES;
				CLANG_ANALYZER_NUMBER_OBJECT_CONVERSION = YES_AGGRESSIVE;
				CLANG_CXX_LANGUAGE_STANDARD = "gnu++17";
				CLANG_ENABLE_MODULES = YES;
				CLANG_ENABLE_OBJC_ARC = YES;
				CLANG_ENABLE_OBJC_WEAK = YES;
				CLANG_WARN_BLOCK_CAPTURE_AUTORELEASING = YES;
				CLANG_WARN_BOOL_CONVERSION = YES;
				CLANG_WARN_COMMA = YES;
				CLANG_WARN_CONSTANT_CONVERSION = YES;
				CLANG_WARN_DEPRECATED_OBJC_IMPLEMENTATIONS = YES;
				CLANG_WARN_DIRECT_OBJC_ISA_USAGE = YES_ERROR;
				CLANG_WARN_DOCUMENTATION_COMMENTS = YES;
				CLANG_WARN_EMPTY_BODY = YES;
				CLANG_WARN_ENUM_CONVERSION = YES;
				CLANG_WARN_INFINITE_RECURSION = YES;
				CLANG_WARN_INT_CONVERSION = YES;
				CLANG_WARN_NON_LITERAL_NULL_CONVERSION = YES;
				CLANG_WARN_OBJC_IMPLICIT_RETAIN_SELF = YES;
				CLANG_WARN_OBJC_LITERAL_CONVERSION = YES;
				CLANG_WARN_OBJC_ROOT_CLASS = YES_ERROR;
				CLANG_WARN_QUOTED_INCLUDE_IN_FRAMEWORK_HEADER = YES;
				CLANG_WARN_RANGE_LOOP_ANALYSIS = YES;
				CLANG_WARN_STRICT_PROTOTYPES = YES;
				CLANG_WARN_SUSPICIOUS_MOVE = YES;
				CLANG_WARN_UNGUARDED_AVAILABILITY = YES_AGGRESSIVE;
				CLANG_WARN_UNREACHABLE_CODE = YES;
				CLANG_WARN__DUPLICATE_METHOD_MATCH = YES;
				COPY_PHASE_STRIP = NO;
				DEBUG_INFORMATION_FORMAT = dwarf;
				ENABLE_STRICT_OBJC_MSGSEND = YES;
				ENABLE_TESTABILITY = YES;
				GCC_C_LANGUAGE_STANDARD = gnu11;
				GCC_DYNAMIC_NO_PIC = NO;
				GCC_NO_COMMON_BLOCKS = YES;
				GCC_OPTIMIZATION_LEVEL = 0;
				GCC_PREPROCESSOR_DEFINITIONS = (
					"DEBUG=1",
					"$(inherited)",
				);
				GCC_WARN_64_TO_32_BIT_CONVERSION = YES;
				GCC_WARN_ABOUT_RETURN_TYPE = YES_ERROR;
				GCC_WARN_UNDECLARED_SELECTOR = YES;
				GCC_WARN_UNINITIALIZED_AUTOS = YES_AGGRESSIVE;
				GCC_WARN_UNUSED_FUNCTION = YES;
				GCC_WARN_UNUSED_VARIABLE = YES;
				IPHONEOS_DEPLOYMENT_TARGET = 15.5;
				MTL_ENABLE_DEBUG_INFO = INCLUDE_SOURCE;
				MTL_FAST_MATH = YES;
				ONLY_ACTIVE_ARCH = YES;
				SDKROOT = iphoneos;
				SWIFT_ACTIVE_COMPILATION_CONDITIONS = DEBUG;
				SWIFT_OPTIMIZATION_LEVEL = "-Onone";
			};
			name = Debug;
		};
		1B16499028598B30004D7607 /* Release */ = {
			isa = XCBuildConfiguration;
			buildSettings = {
				ALWAYS_SEARCH_USER_PATHS = NO;
				CLANG_ANALYZER_NONNULL = YES;
				CLANG_ANALYZER_NUMBER_OBJECT_CONVERSION = YES_AGGRESSIVE;
				CLANG_CXX_LANGUAGE_STANDARD = "gnu++17";
				CLANG_ENABLE_MODULES = YES;
				CLANG_ENABLE_OBJC_ARC = YES;
				CLANG_ENABLE_OBJC_WEAK = YES;
				CLANG_WARN_BLOCK_CAPTURE_AUTORELEASING = YES;
				CLANG_WARN_BOOL_CONVERSION = YES;
				CLANG_WARN_COMMA = YES;
				CLANG_WARN_CONSTANT_CONVERSION = YES;
				CLANG_WARN_DEPRECATED_OBJC_IMPLEMENTATIONS = YES;
				CLANG_WARN_DIRECT_OBJC_ISA_USAGE = YES_ERROR;
				CLANG_WARN_DOCUMENTATION_COMMENTS = YES;
				CLANG_WARN_EMPTY_BODY = YES;
				CLANG_WARN_ENUM_CONVERSION = YES;
				CLANG_WARN_INFINITE_RECURSION = YES;
				CLANG_WARN_INT_CONVERSION = YES;
				CLANG_WARN_NON_LITERAL_NULL_CONVERSION = YES;
				CLANG_WARN_OBJC_IMPLICIT_RETAIN_SELF = YES;
				CLANG_WARN_OBJC_LITERAL_CONVERSION = YES;
				CLANG_WARN_OBJC_ROOT_CLASS = YES_ERROR;
				CLANG_WARN_QUOTED_INCLUDE_IN_FRAMEWORK_HEADER = YES;
				CLANG_WARN_RANGE_LOOP_ANALYSIS = YES;
				CLANG_WARN_STRICT_PROTOTYPES = YES;
				CLANG_WARN_SUSPICIOUS_MOVE = YES;
				CLANG_WARN_UNGUARDED_AVAILABILITY = YES_AGGRESSIVE;
				CLANG_WARN_UNREACHABLE_CODE = YES;
				CLANG_WARN__DUPLICATE_METHOD_MATCH = YES;
				COPY_PHASE_STRIP = NO;
				DEBUG_INFORMATION_FORMAT = "dwarf-with-dsym";
				ENABLE_NS_ASSERTIONS = NO;
				ENABLE_STRICT_OBJC_MSGSEND = YES;
				GCC_C_LANGUAGE_STANDARD = gnu11;
				GCC_NO_COMMON_BLOCKS = YES;
				GCC_WARN_64_TO_32_BIT_CONVERSION = YES;
				GCC_WARN_ABOUT_RETURN_TYPE = YES_ERROR;
				GCC_WARN_UNDECLARED_SELECTOR = YES;
				GCC_WARN_UNINITIALIZED_AUTOS = YES_AGGRESSIVE;
				GCC_WARN_UNUSED_FUNCTION = YES;
				GCC_WARN_UNUSED_VARIABLE = YES;
				IPHONEOS_DEPLOYMENT_TARGET = 15.5;
				MTL_ENABLE_DEBUG_INFO = NO;
				MTL_FAST_MATH = YES;
				SDKROOT = iphoneos;
				SWIFT_COMPILATION_MODE = wholemodule;
				SWIFT_OPTIMIZATION_LEVEL = "-O";
				VALIDATE_PRODUCT = YES;
			};
			name = Release;
		};
		1B16499228598B30004D7607 /* Debug */ = {
			isa = XCBuildConfiguration;
			baseConfigurationReference = DD5B5477F87BAD89B339E022 /* Pods-Twitter.debug.xcconfig */;
			buildSettings = {
				ASSETCATALOG_COMPILER_APPICON_NAME = AppIcon;
				ASSETCATALOG_COMPILER_GLOBAL_ACCENT_COLOR_NAME = AccentColor;
				CODE_SIGN_STYLE = Automatic;
				CURRENT_PROJECT_VERSION = 1;
				DEVELOPMENT_TEAM = ANLGNXFRJM;
				GENERATE_INFOPLIST_FILE = YES;
				INFOPLIST_FILE = Twitter/Info.plist;
				INFOPLIST_KEY_UIApplicationSupportsIndirectInputEvents = YES;
				INFOPLIST_KEY_UILaunchStoryboardName = LaunchScreen;
				INFOPLIST_KEY_UIMainStoryboardFile = Main;
				INFOPLIST_KEY_UISupportedInterfaceOrientations_iPad = "UIInterfaceOrientationPortrait UIInterfaceOrientationPortraitUpsideDown UIInterfaceOrientationLandscapeLeft UIInterfaceOrientationLandscapeRight";
				INFOPLIST_KEY_UISupportedInterfaceOrientations_iPhone = "UIInterfaceOrientationPortrait UIInterfaceOrientationLandscapeLeft UIInterfaceOrientationLandscapeRight";
				LD_RUNPATH_SEARCH_PATHS = (
					"$(inherited)",
					"@executable_path/Frameworks",
				);
				MARKETING_VERSION = 1.0;
				PRODUCT_BUNDLE_IDENTIFIER = com.ikedatakumi.Twitter;
				PRODUCT_NAME = "$(TARGET_NAME)";
				SWIFT_EMIT_LOC_STRINGS = YES;
				SWIFT_VERSION = 5.0;
				TARGETED_DEVICE_FAMILY = "1,2";
			};
			name = Debug;
		};
		1B16499328598B30004D7607 /* Release */ = {
			isa = XCBuildConfiguration;
			baseConfigurationReference = 695DA474B139B1477707047B /* Pods-Twitter.release.xcconfig */;
			buildSettings = {
				ASSETCATALOG_COMPILER_APPICON_NAME = AppIcon;
				ASSETCATALOG_COMPILER_GLOBAL_ACCENT_COLOR_NAME = AccentColor;
				CODE_SIGN_STYLE = Automatic;
				CURRENT_PROJECT_VERSION = 1;
				DEVELOPMENT_TEAM = ANLGNXFRJM;
				GENERATE_INFOPLIST_FILE = YES;
				INFOPLIST_FILE = Twitter/Info.plist;
				INFOPLIST_KEY_UIApplicationSupportsIndirectInputEvents = YES;
				INFOPLIST_KEY_UILaunchStoryboardName = LaunchScreen;
				INFOPLIST_KEY_UIMainStoryboardFile = Main;
				INFOPLIST_KEY_UISupportedInterfaceOrientations_iPad = "UIInterfaceOrientationPortrait UIInterfaceOrientationPortraitUpsideDown UIInterfaceOrientationLandscapeLeft UIInterfaceOrientationLandscapeRight";
				INFOPLIST_KEY_UISupportedInterfaceOrientations_iPhone = "UIInterfaceOrientationPortrait UIInterfaceOrientationLandscapeLeft UIInterfaceOrientationLandscapeRight";
				LD_RUNPATH_SEARCH_PATHS = (
					"$(inherited)",
					"@executable_path/Frameworks",
				);
				MARKETING_VERSION = 1.0;
				PRODUCT_BUNDLE_IDENTIFIER = com.ikedatakumi.Twitter;
				PRODUCT_NAME = "$(TARGET_NAME)";
				SWIFT_EMIT_LOC_STRINGS = YES;
				SWIFT_VERSION = 5.0;
				TARGETED_DEVICE_FAMILY = "1,2";
			};
			name = Release;
		};
		1B16499528598B30004D7607 /* Debug */ = {
			isa = XCBuildConfiguration;
			baseConfigurationReference = BEFE1754D7C26C67E896FF30 /* Pods-TwitterTests.debug.xcconfig */;
			buildSettings = {
				ALWAYS_EMBED_SWIFT_STANDARD_LIBRARIES = YES;
				BUNDLE_LOADER = "$(TEST_HOST)";
				CODE_SIGN_STYLE = Automatic;
				CURRENT_PROJECT_VERSION = 1;
				DEVELOPMENT_TEAM = ANLGNXFRJM;
				GENERATE_INFOPLIST_FILE = YES;
				IPHONEOS_DEPLOYMENT_TARGET = 15.5;
				MARKETING_VERSION = 1.0;
				PRODUCT_BUNDLE_IDENTIFIER = com.ikedatakumi.TwitterTests;
				PRODUCT_NAME = "$(TARGET_NAME)";
				SWIFT_EMIT_LOC_STRINGS = NO;
				SWIFT_VERSION = 5.0;
				TARGETED_DEVICE_FAMILY = "1,2";
				TEST_HOST = "$(BUILT_PRODUCTS_DIR)/Twitter.app/Twitter";
			};
			name = Debug;
		};
		1B16499628598B30004D7607 /* Release */ = {
			isa = XCBuildConfiguration;
			baseConfigurationReference = 165F437464D77F990DE2860D /* Pods-TwitterTests.release.xcconfig */;
			buildSettings = {
				ALWAYS_EMBED_SWIFT_STANDARD_LIBRARIES = YES;
				BUNDLE_LOADER = "$(TEST_HOST)";
				CODE_SIGN_STYLE = Automatic;
				CURRENT_PROJECT_VERSION = 1;
				DEVELOPMENT_TEAM = ANLGNXFRJM;
				GENERATE_INFOPLIST_FILE = YES;
				IPHONEOS_DEPLOYMENT_TARGET = 15.5;
				MARKETING_VERSION = 1.0;
				PRODUCT_BUNDLE_IDENTIFIER = com.ikedatakumi.TwitterTests;
				PRODUCT_NAME = "$(TARGET_NAME)";
				SWIFT_EMIT_LOC_STRINGS = NO;
				SWIFT_VERSION = 5.0;
				TARGETED_DEVICE_FAMILY = "1,2";
				TEST_HOST = "$(BUILT_PRODUCTS_DIR)/Twitter.app/Twitter";
			};
			name = Release;
		};
		1B16499828598B30004D7607 /* Debug */ = {
			isa = XCBuildConfiguration;
			baseConfigurationReference = FAC94D8ADB633CE1A6241576 /* Pods-Twitter-TwitterUITests.debug.xcconfig */;
			buildSettings = {
				ALWAYS_EMBED_SWIFT_STANDARD_LIBRARIES = YES;
				CODE_SIGN_STYLE = Automatic;
				CURRENT_PROJECT_VERSION = 1;
				DEVELOPMENT_TEAM = ANLGNXFRJM;
				GENERATE_INFOPLIST_FILE = YES;
				MARKETING_VERSION = 1.0;
				PRODUCT_BUNDLE_IDENTIFIER = com.ikedatakumi.TwitterUITests;
				PRODUCT_NAME = "$(TARGET_NAME)";
				SWIFT_EMIT_LOC_STRINGS = NO;
				SWIFT_VERSION = 5.0;
				TARGETED_DEVICE_FAMILY = "1,2";
				TEST_TARGET_NAME = Twitter;
			};
			name = Debug;
		};
		1B16499928598B30004D7607 /* Release */ = {
			isa = XCBuildConfiguration;
			baseConfigurationReference = 271AE5F0BE18D233095BC54A /* Pods-Twitter-TwitterUITests.release.xcconfig */;
			buildSettings = {
				ALWAYS_EMBED_SWIFT_STANDARD_LIBRARIES = YES;
				CODE_SIGN_STYLE = Automatic;
				CURRENT_PROJECT_VERSION = 1;
				DEVELOPMENT_TEAM = ANLGNXFRJM;
				GENERATE_INFOPLIST_FILE = YES;
				MARKETING_VERSION = 1.0;
				PRODUCT_BUNDLE_IDENTIFIER = com.ikedatakumi.TwitterUITests;
				PRODUCT_NAME = "$(TARGET_NAME)";
				SWIFT_EMIT_LOC_STRINGS = NO;
				SWIFT_VERSION = 5.0;
				TARGETED_DEVICE_FAMILY = "1,2";
				TEST_TARGET_NAME = Twitter;
			};
			name = Release;
		};
/* End XCBuildConfiguration section */

/* Begin XCConfigurationList section */
		1B16496228598B2E004D7607 /* Build configuration list for PBXProject "Twitter" */ = {
			isa = XCConfigurationList;
			buildConfigurations = (
				1B16498F28598B30004D7607 /* Debug */,
				1B16499028598B30004D7607 /* Release */,
			);
			defaultConfigurationIsVisible = 0;
			defaultConfigurationName = Release;
		};
		1B16499128598B30004D7607 /* Build configuration list for PBXNativeTarget "Twitter" */ = {
			isa = XCConfigurationList;
			buildConfigurations = (
				1B16499228598B30004D7607 /* Debug */,
				1B16499328598B30004D7607 /* Release */,
			);
			defaultConfigurationIsVisible = 0;
			defaultConfigurationName = Release;
		};
		1B16499428598B30004D7607 /* Build configuration list for PBXNativeTarget "TwitterTests" */ = {
			isa = XCConfigurationList;
			buildConfigurations = (
				1B16499528598B30004D7607 /* Debug */,
				1B16499628598B30004D7607 /* Release */,
			);
			defaultConfigurationIsVisible = 0;
			defaultConfigurationName = Release;
		};
		1B16499728598B30004D7607 /* Build configuration list for PBXNativeTarget "TwitterUITests" */ = {
			isa = XCConfigurationList;
			buildConfigurations = (
				1B16499828598B30004D7607 /* Debug */,
				1B16499928598B30004D7607 /* Release */,
			);
			defaultConfigurationIsVisible = 0;
			defaultConfigurationName = Release;
		};
/* End XCConfigurationList section */
	};
	rootObject = 1B16495F28598B2E004D7607 /* Project object */;
}
